
Microsoft Visual Studio Solution File, Format Version 12.00
# Visual Studio Version 17
VisualStudioVersion = 17.5.002.0
MinimumVisualStudioVersion = 10.0.40219.1
Project("{9A19103F-16F7-4668-BE54-9A1E7A4F7556}") = "CatanService", "CatanService.csproj", "{DBBE67CB-1625-4DFA-B683-26D1B929BBCB}"
EndProject
Global
	GlobalSection(SolutionConfigurationPlatforms) = preSolution
		Debug|Any CPU = Debug|Any CPU
		Release|Any CPU = Release|Any CPU
	EndGlobalSection
	GlobalSection(ProjectConfigurationPlatforms) = postSolution
		{DBBE67CB-1625-4DFA-B683-26D1B929BBCB}.Debug|Any CPU.ActiveCfg = Debug|Any CPU
		{DBBE67CB-1625-4DFA-B683-26D1B929BBCB}.Debug|Any CPU.Build.0 = Debug|Any CPU
		{DBBE67CB-1625-4DFA-B683-26D1B929BBCB}.Release|Any CPU.ActiveCfg = Release|Any CPU
		{DBBE67CB-1625-4DFA-B683-26D1B929BBCB}.Release|Any CPU.Build.0 = Release|Any CPU
	EndGlobalSection
	GlobalSection(SolutionProperties) = preSolution
		HideSolutionNode = FALSE
	EndGlobalSection
	GlobalSection(ExtensibilityGlobals) = postSolution
		SolutionGuid = {EBDF872C-0DB9-4290-AC36-5B497710CA13}
	EndGlobalSection
EndGlobal
